<?xml version="1.0" encoding="utf-8"?>
<Project ToolsVersion="4.0" xmlns="http://schemas.microsoft.com/developer/msbuild/2003">
  <ItemGroup>
    <Filter Include="Source Files">
      <UniqueIdentifier>{4FC737F1-C7A5-4376-A066-2A32D752A2FF}</UniqueIdentifier>
      <Extensions>cpp;c;cc;cxx;def;odl;idl;hpj;bat;asm;asmx</Extensions>
    </Filter>
    <Filter Include="Header Files">
      <UniqueIdentifier>{93995380-89BD-4b04-88EB-625FBE52EBFB}</UniqueIdentifier>
      <Extensions>h;hh;hpp;hxx;hm;inl;inc;xsd</Extensions>
    </Filter>
    <Filter Include="Resource Files">
      <UniqueIdentifier>{67DA6AB6-F800-4c08-8B7A-83BB121AAD01}</UniqueIdentifier>
      <Extensions>rc;ico;cur;bmp;dlg;rc2;rct;bin;rgs;gif;jpg;jpeg;jpe;resx;tiff;tif;png;wav;mfcribbon-ms</Extensions>
    </Filter>
  </ItemGroup>
  <ItemGroup>
    <ClCompile Include="executable\bibledit.cpp">
      <Filter>Source Files</Filter>
    </ClCompile>
    <ClCompile Include="access\bible.cpp">
      <Filter>Source Files</Filter>
    </ClCompile>
    <ClCompile Include="access\logic.cpp">
      <Filter>Source Files</Filter>
    </ClCompile>
    <ClCompile Include="access\user.cpp">
      <Filter>Source Files</Filter>
    </ClCompile>
    <ClCompile Include="administration\language.cpp">
      <Filter>Source Files</Filter>
    </ClCompile>
    <ClCompile Include="administration\timezone.cpp">
      <Filter>Source Files</Filter>
    </ClCompile>
    <ClCompile Include="assets\header.cpp">
      <Filter>Source Files</Filter>
    </ClCompile>
    <ClCompile Include="assets\page.cpp">
      <Filter>Source Files</Filter>
    </ClCompile>
    <ClCompile Include="assets\view.cpp">
      <Filter>Source Files</Filter>
    </ClCompile>
    <ClCompile Include="checks\versification.cpp">
      <Filter>Source Files</Filter>
    </ClCompile>
    <ClCompile Include="checks\verses.cpp">
      <Filter>Source Files</Filter>
    </ClCompile>
    <ClCompile Include="checks\usfm.cpp">
      <Filter>Source Files</Filter>
    </ClCompile>
    <ClCompile Include="checks\suppress.cpp">
      <Filter>Source Files</Filter>
    </ClCompile>
    <ClCompile Include="checks\space.cpp">
      <Filter>Source Files</Filter>
    </ClCompile>
    <ClCompile Include="checks\settingssentences.cpp">
      <Filter>Source Files</Filter>
    </ClCompile>
    <ClCompile Include="checks\settingspatterns.cpp">
      <Filter>Source Files</Filter>
    </ClCompile>
    <ClCompile Include="checks\settingspairs.cpp">
      <Filter>Source Files</Filter>
    </ClCompile>
    <ClCompile Include="checks\settings.cpp">
      <Filter>Source Files</Filter>
    </ClCompile>
    <ClCompile Include="bible\settings.cpp">
      <Filter>Source Files</Filter>
    </ClCompile>
    <ClCompile Include="checks\sentences.cpp">
      <Filter>Source Files</Filter>
    </ClCompile>
    <ClCompile Include="checks\run.cpp">
      <Filter>Source Files</Filter>
    </ClCompile>
    <ClCompile Include="checks\pairs.cpp">
      <Filter>Source Files</Filter>
    </ClCompile>
    <ClCompile Include="bible\order.cpp">
      <Filter>Source Files</Filter>
    </ClCompile>
    <ClCompile Include="changes\modifications.cpp">
      <Filter>Source Files</Filter>
    </ClCompile>
    <ClCompile Include="changes\manage.cpp">
      <Filter>Source Files</Filter>
    </ClCompile>
    <ClCompile Include="bible\manage.cpp">
      <Filter>Source Files</Filter>
    </ClCompile>
    <ClCompile Include="bible\logic.cpp">
      <Filter>Source Files</Filter>
    </ClCompile>
    <ClCompile Include="checksum\logic.cpp">
      <Filter>Source Files</Filter>
    </ClCompile>
    <ClCompile Include="checks\logic.cpp">
      <Filter>Source Files</Filter>
    </ClCompile>
    <ClCompile Include="changes\logic.cpp">
      <Filter>Source Files</Filter>
    </ClCompile>
    <ClCompile Include="checks\index.cpp">
      <Filter>Source Files</Filter>
    </ClCompile>
    <ClCompile Include="basic\index.cpp">
      <Filter>Source Files</Filter>
    </ClCompile>
    <ClCompile Include="bible\import_run.cpp">
      <Filter>Source Files</Filter>
    </ClCompile>
    <ClCompile Include="bible\import.cpp">
      <Filter>Source Files</Filter>
    </ClCompile>
    <ClCompile Include="checks\headers.cpp">
      <Filter>Source Files</Filter>
    </ClCompile>
    <ClCompile Include="bible\editing.cpp">
      <Filter>Source Files</Filter>
    </ClCompile>
    <ClCompile Include="bible\css.cpp">
      <Filter>Source Files</Filter>
    </ClCompile>
    <ClCompile Include="book\create.cpp">
      <Filter>Source Files</Filter>
    </ClCompile>
    <ClCompile Include="bible\chapter.cpp">
      <Filter>Source Files</Filter>
    </ClCompile>
    <ClCompile Include="changes\changes.cpp">
      <Filter>Source Files</Filter>
    </ClCompile>
    <ClCompile Include="changes\change.cpp">
      <Filter>Source Files</Filter>
    </ClCompile>
    <ClCompile Include="bootstrap\bootstrap.cpp">
      <Filter>Source Files</Filter>
    </ClCompile>
    <ClCompile Include="bible\book.cpp">
      <Filter>Source Files</Filter>
    </ClCompile>
    <ClCompile Include="bible\abbreviations.cpp">
      <Filter>Source Files</Filter>
    </ClCompile>
    <ClCompile Include="filter\usfm.cpp">
      <Filter>Source Files</Filter>
    </ClCompile>
    <ClCompile Include="filter\UriCodec.cpp">
      <Filter>Source Files</Filter>
    </ClCompile>
    <ClCompile Include="filter\url.cpp">
      <Filter>Source Files</Filter>
    </ClCompile>
    <ClCompile Include="filter\text.cpp">
      <Filter>Source Files</Filter>
    </ClCompile>
    <ClCompile Include="filter\string.cpp">
      <Filter>Source Files</Filter>
    </ClCompile>
    <ClCompile Include="filter\roles.cpp">
      <Filter>Source Files</Filter>
    </ClCompile>
    <ClCompile Include="filter\shell.cpp">
      <Filter>Source Files</Filter>
    </ClCompile>
    <ClCompile Include="filter\passage.cpp">
      <Filter>Source Files</Filter>
    </ClCompile>
    <ClCompile Include="filter\merge.cpp">
      <Filter>Source Files</Filter>
    </ClCompile>
    <ClCompile Include="filter\md5.cpp">
      <Filter>Source Files</Filter>
    </ClCompile>
  </ItemGroup>
  <ItemGroup>
    <ClInclude Include="executable\bibledit.h">
      <Filter>Header Files</Filter>
    </ClInclude>
    <ClInclude Include="access\bible.h">
      <Filter>Header Files</Filter>
    </ClInclude>
    <ClInclude Include="access\logic.h">
      <Filter>Header Files</Filter>
    </ClInclude>
    <ClInclude Include="access\user.h">
      <Filter>Header Files</Filter>
    </ClInclude>
    <ClInclude Include="administration\language.h">
      <Filter>Header Files</Filter>
    </ClInclude>
    <ClInclude Include="administration\timezone.h">
      <Filter>Header Files</Filter>
    </ClInclude>
    <ClInclude Include="assets\header.h">
      <Filter>Source Files</Filter>
    </ClInclude>
    <ClInclude Include="assets\page.h">
      <Filter>Source Files</Filter>
    </ClInclude>
    <ClInclude Include="assets\view.h">
      <Filter>Source Files</Filter>
    </ClInclude>
    <ClInclude Include="resource.h">
      <Filter>Header Files</Filter>
    </ClInclude>
    <ClInclude Include="checks\versification.h">
      <Filter>Header Files</Filter>
    </ClInclude>
    <ClInclude Include="checks\verses.h">
      <Filter>Header Files</Filter>
    </ClInclude>
    <ClInclude Include="checks\usfm.h">
      <Filter>Header Files</Filter>
    </ClInclude>
    <ClInclude Include="checks\suppress.h">
      <Filter>Header Files</Filter>
    </ClInclude>
    <ClInclude Include="checks\space.h">
      <Filter>Header Files</Filter>
    </ClInclude>
    <ClInclude Include="checks\settingssentences.h">
      <Filter>Header Files</Filter>
    </ClInclude>
    <ClInclude Include="checks\settingspatterns.h">
      <Filter>Header Files</Filter>
    </ClInclude>
    <ClInclude Include="checks\settingspairs.h">
      <Filter>Header Files</Filter>
    </ClInclude>
    <ClInclude Include="bible\settings.h">
      <Filter>Header Files</Filter>
    </ClInclude>
    <ClInclude Include="checks\settings.h">
      <Filter>Header Files</Filter>
    </ClInclude>
    <ClInclude Include="checks\sentences.h">
      <Filter>Header Files</Filter>
    </ClInclude>
    <ClInclude Include="checks\run.h">
      <Filter>Header Files</Filter>
    </ClInclude>
    <ClInclude Include="checks\pairs.h">
      <Filter>Header Files</Filter>
    </ClInclude>
    <ClInclude Include="bible\order.h">
      <Filter>Header Files</Filter>
    </ClInclude>
    <ClInclude Include="changes\modifications.h">
      <Filter>Header Files</Filter>
    </ClInclude>
    <ClInclude Include="bible\manage.h">
      <Filter>Header Files</Filter>
    </ClInclude>
    <ClInclude Include="changes\manage.h">
      <Filter>Header Files</Filter>
    </ClInclude>
    <ClInclude Include="checks\logic.h">
      <Filter>Header Files</Filter>
    </ClInclude>
    <ClInclude Include="changes\logic.h">
      <Filter>Header Files</Filter>
    </ClInclude>
    <ClInclude Include="checksum\logic.h">
      <Filter>Header Files</Filter>
    </ClInclude>
    <ClInclude Include="bible\logic.h">
      <Filter>Header Files</Filter>
    </ClInclude>
    <ClInclude Include="bible\abbreviations.h">
      <Filter>Header Files</Filter>
    </ClInclude>
    <ClInclude Include="bible\book.h">
      <Filter>Header Files</Filter>
    </ClInclude>
    <ClInclude Include="book\books.h">
      <Filter>Header Files</Filter>
    </ClInclude>
    <ClInclude Include="bootstrap\bootstrap.h">
      <Filter>Header Files</Filter>
    </ClInclude>
    <ClInclude Include="changes\change.h">
      <Filter>Header Files</Filter>
    </ClInclude>
    <ClInclude Include="changes\changes.h">
      <Filter>Header Files</Filter>
    </ClInclude>
    <ClInclude Include="bible\chapter.h">
      <Filter>Header Files</Filter>
    </ClInclude>
    <ClInclude Include="book\create.h">
      <Filter>Header Files</Filter>
    </ClInclude>
    <ClInclude Include="bible\css.h">
      <Filter>Header Files</Filter>
    </ClInclude>
    <ClInclude Include="bible\editing.h">
      <Filter>Header Files</Filter>
    </ClInclude>
    <ClInclude Include="checks\headers.h">
      <Filter>Header Files</Filter>
    </ClInclude>
    <ClInclude Include="bible\import.h">
      <Filter>Header Files</Filter>
    </ClInclude>
    <ClInclude Include="bible\import_run.h">
      <Filter>Header Files</Filter>
    </ClInclude>
    <ClInclude Include="basic\index.h">
      <Filter>Header Files</Filter>
    </ClInclude>
    <ClInclude Include="checks\index.h">
      <Filter>Header Files</Filter>
    </ClInclude>
    <ClInclude Include="filter\abbreviations.h">
      <Filter>Header Files</Filter>
    </ClInclude>
    <ClInclude Include="filter\archive.h">
      <Filter>Header Files</Filter>
    </ClInclude>
    <ClInclude Include="filter\css.h">
      <Filter>Header Files</Filter>
    </ClInclude>
    <ClInclude Include="filter\date.h">
      <Filter>Header Files</Filter>
    </ClInclude>
    <ClInclude Include="filter\diff.h">
      <Filter>Header Files</Filter>
    </ClInclude>
    <ClInclude Include="filter\git.h">
      <Filter>Header Files</Filter>
    </ClInclude>
    <ClInclude Include="filter\md5.h">
      <Filter>Header Files</Filter>
    </ClInclude>
    <ClInclude Include="filter\merge.h">
      <Filter>Header Files</Filter>
    </ClInclude>
    <ClInclude Include="filter\passage.h">
      <Filter>Header Files</Filter>
    </ClInclude>
    <ClInclude Include="filter\roles.h">
      <Filter>Header Files</Filter>
    </ClInclude>
    <ClInclude Include="filter\shell.h">
      <Filter>Header Files</Filter>
    </ClInclude>
    <ClInclude Include="filter\string.h">
      <Filter>Header Files</Filter>
    </ClInclude>
    <ClInclude Include="filter\string.hpp">
      <Filter>Header Files</Filter>
    </ClInclude>
    <ClInclude Include="filter\text.h">
      <Filter>Header Files</Filter>
    </ClInclude>
    <ClInclude Include="filter\url.h">
      <Filter>Header Files</Filter>
    </ClInclude>
    <ClInclude Include="filter\usfm.h">
      <Filter>Header Files</Filter>
    </ClInclude>
  </ItemGroup>
</Project>