<?xml version="1.0" encoding="utf-8"?>
<Project ToolsVersion="4.0" xmlns="http://schemas.microsoft.com/developer/msbuild/2003">
  <ItemGroup>
    <Filter Include="Source Files">
      <UniqueIdentifier>{4FC737F1-C7A5-4376-A066-2A32D752A2FF}</UniqueIdentifier>
      <Extensions>cpp;c;cc;cxx;def;odl;idl;hpj;bat;asm;asmx</Extensions>
    </Filter>
    <Filter Include="Header Files">
      <UniqueIdentifier>{93995380-89BD-4b04-88EB-625FBE52EBFB}</UniqueIdentifier>
      <Extensions>h;hh;hpp;hxx;hm;inl;inc;xsd</Extensions>
    </Filter>
    <Filter Include="Resource Files">
      <UniqueIdentifier>{67DA6AB6-F800-4c08-8B7A-83BB121AAD01}</UniqueIdentifier>
      <Extensions>rc;ico;cur;bmp;dlg;rc2;rct;bin;rgs;gif;jpg;jpeg;jpe;resx;tiff;tif;png;wav;mfcribbon-ms</Extensions>
    </Filter>
  </ItemGroup>
  <ItemGroup>
    <ClCompile Include="executable\bibledit.cpp">
      <Filter>Source Files</Filter>
    </ClCompile>
    <ClCompile Include="access\bible.cpp">
      <Filter>Source Files</Filter>
    </ClCompile>
    <ClCompile Include="access\logic.cpp">
      <Filter>Source Files</Filter>
    </ClCompile>
    <ClCompile Include="access\user.cpp">
      <Filter>Source Files</Filter>
    </ClCompile>
    <ClCompile Include="administration\language.cpp">
      <Filter>Source Files</Filter>
    </ClCompile>
    <ClCompile Include="assets\header.cpp">
      <Filter>Source Files</Filter>
    </ClCompile>
    <ClCompile Include="assets\page.cpp">
      <Filter>Source Files</Filter>
    </ClCompile>
    <ClCompile Include="assets\view.cpp">
      <Filter>Source Files</Filter>
    </ClCompile>
    <ClCompile Include="checks\versification.cpp">
      <Filter>Source Files</Filter>
    </ClCompile>
    <ClCompile Include="checks\verses.cpp">
      <Filter>Source Files</Filter>
    </ClCompile>
    <ClCompile Include="checks\usfm.cpp">
      <Filter>Source Files</Filter>
    </ClCompile>
    <ClCompile Include="checks\suppress.cpp">
      <Filter>Source Files</Filter>
    </ClCompile>
    <ClCompile Include="checks\space.cpp">
      <Filter>Source Files</Filter>
    </ClCompile>
    <ClCompile Include="checks\settingssentences.cpp">
      <Filter>Source Files</Filter>
    </ClCompile>
    <ClCompile Include="checks\settingspatterns.cpp">
      <Filter>Source Files</Filter>
    </ClCompile>
    <ClCompile Include="checks\settingspairs.cpp">
      <Filter>Source Files</Filter>
    </ClCompile>
    <ClCompile Include="checks\settings.cpp">
      <Filter>Source Files</Filter>
    </ClCompile>
    <ClCompile Include="bible\settings.cpp">
      <Filter>Source Files</Filter>
    </ClCompile>
    <ClCompile Include="checks\sentences.cpp">
      <Filter>Source Files</Filter>
    </ClCompile>
    <ClCompile Include="checks\run.cpp">
      <Filter>Source Files</Filter>
    </ClCompile>
    <ClCompile Include="checks\pairs.cpp">
      <Filter>Source Files</Filter>
    </ClCompile>
    <ClCompile Include="bible\order.cpp">
      <Filter>Source Files</Filter>
    </ClCompile>
    <ClCompile Include="changes\modifications.cpp">
      <Filter>Source Files</Filter>
    </ClCompile>
    <ClCompile Include="changes\manage.cpp">
      <Filter>Source Files</Filter>
    </ClCompile>
    <ClCompile Include="bible\manage.cpp">
      <Filter>Source Files</Filter>
    </ClCompile>
    <ClCompile Include="bible\logic.cpp">
      <Filter>Source Files</Filter>
    </ClCompile>
    <ClCompile Include="checksum\logic.cpp">
      <Filter>Source Files</Filter>
    </ClCompile>
    <ClCompile Include="checks\logic.cpp">
      <Filter>Source Files</Filter>
    </ClCompile>
    <ClCompile Include="changes\logic.cpp">
      <Filter>Source Files</Filter>
    </ClCompile>
    <ClCompile Include="checks\index.cpp">
      <Filter>Source Files</Filter>
    </ClCompile>
    <ClCompile Include="basic\index.cpp">
      <Filter>Source Files</Filter>
    </ClCompile>
    <ClCompile Include="bible\import_run.cpp">
      <Filter>Source Files</Filter>
    </ClCompile>
    <ClCompile Include="bible\import.cpp">
      <Filter>Source Files</Filter>
    </ClCompile>
    <ClCompile Include="checks\headers.cpp">
      <Filter>Source Files</Filter>
    </ClCompile>
    <ClCompile Include="bible\editing.cpp">
      <Filter>Source Files</Filter>
    </ClCompile>
    <ClCompile Include="bible\css.cpp">
      <Filter>Source Files</Filter>
    </ClCompile>
    <ClCompile Include="book\create.cpp">
      <Filter>Source Files</Filter>
    </ClCompile>
    <ClCompile Include="bible\chapter.cpp">
      <Filter>Source Files</Filter>
    </ClCompile>
    <ClCompile Include="changes\changes.cpp">
      <Filter>Source Files</Filter>
    </ClCompile>
    <ClCompile Include="changes\change.cpp">
      <Filter>Source Files</Filter>
    </ClCompile>
    <ClCompile Include="bootstrap\bootstrap.cpp">
      <Filter>Source Files</Filter>
    </ClCompile>
    <ClCompile Include="bible\book.cpp">
      <Filter>Source Files</Filter>
    </ClCompile>
    <ClCompile Include="bible\abbreviations.cpp">
      <Filter>Source Files</Filter>
    </ClCompile>
    <ClCompile Include="filter\usfm.cpp">
      <Filter>Source Files</Filter>
    </ClCompile>
    <ClCompile Include="filter\url.cpp">
      <Filter>Source Files</Filter>
    </ClCompile>
    <ClCompile Include="filter\text.cpp">
      <Filter>Source Files</Filter>
    </ClCompile>
    <ClCompile Include="filter\string.cpp">
      <Filter>Source Files</Filter>
    </ClCompile>
    <ClCompile Include="filter\roles.cpp">
      <Filter>Source Files</Filter>
    </ClCompile>
    <ClCompile Include="filter\shell.cpp">
      <Filter>Source Files</Filter>
    </ClCompile>
    <ClCompile Include="filter\passage.cpp">
      <Filter>Source Files</Filter>
    </ClCompile>
    <ClCompile Include="filter\merge.cpp">
      <Filter>Source Files</Filter>
    </ClCompile>
    <ClCompile Include="filter\md5.cpp">
      <Filter>Source Files</Filter>
    </ClCompile>
    <ClCompile Include="database\config\bible.cpp">
      <Filter>Source Files</Filter>
    </ClCompile>
    <ClCompile Include="database\config\general.cpp">
      <Filter>Source Files</Filter>
    </ClCompile>
    <ClCompile Include="database\config\user.cpp">
      <Filter>Source Files</Filter>
    </ClCompile>
    <ClCompile Include="database\bibleactions.cpp">
      <Filter>Source Files</Filter>
    </ClCompile>
    <ClCompile Include="database\bibles.cpp">
      <Filter>Source Files</Filter>
    </ClCompile>
    <ClCompile Include="database\books.cpp">
      <Filter>Source Files</Filter>
    </ClCompile>
    <ClCompile Include="database\cache.cpp">
      <Filter>Source Files</Filter>
    </ClCompile>
    <ClCompile Include="database\check.cpp">
      <Filter>Source Files</Filter>
    </ClCompile>
    <ClCompile Include="database\confirm.cpp">
      <Filter>Source Files</Filter>
    </ClCompile>
    <ClCompile Include="database\etcbc4.cpp">
      <Filter>Source Files</Filter>
    </ClCompile>
    <ClCompile Include="database\git.cpp">
      <Filter>Source Files</Filter>
    </ClCompile>
    <ClCompile Include="database\hebrewlexicon.cpp">
      <Filter>Source Files</Filter>
    </ClCompile>
    <ClCompile Include="database\imageresources.cpp">
      <Filter>Source Files</Filter>
    </ClCompile>
    <ClCompile Include="database\ipc.cpp">
      <Filter>Source Files</Filter>
    </ClCompile>
    <ClCompile Include="database\jobs.cpp">
      <Filter>Source Files</Filter>
    </ClCompile>
    <ClCompile Include="database\kjv.cpp">
      <Filter>Source Files</Filter>
    </ClCompile>
    <ClCompile Include="database\localization.cpp">
      <Filter>Source Files</Filter>
    </ClCompile>
    <ClCompile Include="database\login.cpp">
      <Filter>Source Files</Filter>
    </ClCompile>
    <ClCompile Include="database\logs.cpp">
      <Filter>Source Files</Filter>
    </ClCompile>
    <ClCompile Include="database\mail.cpp">
      <Filter>Source Files</Filter>
    </ClCompile>
    <ClCompile Include="database\maintenance.cpp">
      <Filter>Source Files</Filter>
    </ClCompile>
    <ClCompile Include="database\mappings.cpp">
      <Filter>Source Files</Filter>
    </ClCompile>
    <ClCompile Include="database\modifications.cpp">
      <Filter>Source Files</Filter>
    </ClCompile>
    <ClCompile Include="database\morphgnt.cpp">
      <Filter>Source Files</Filter>
    </ClCompile>
    <ClCompile Include="database\navigation.cpp">
      <Filter>Source Files</Filter>
    </ClCompile>
    <ClCompile Include="database\noteactions.cpp">
      <Filter>Source Files</Filter>
    </ClCompile>
    <ClCompile Include="database\noteassignment.cpp">
      <Filter>Source Files</Filter>
    </ClCompile>
    <ClCompile Include="database\notes.cpp">
      <Filter>Source Files</Filter>
    </ClCompile>
    <ClCompile Include="database\oshb.cpp">
      <Filter>Source Files</Filter>
    </ClCompile>
    <ClCompile Include="database\privileges.cpp">
      <Filter>Source Files</Filter>
    </ClCompile>
    <ClCompile Include="database\sblgnt.cpp">
      <Filter>Source Files</Filter>
    </ClCompile>
    <ClCompile Include="database\sprint.cpp">
      <Filter>Source Files</Filter>
    </ClCompile>
    <ClCompile Include="database\sqlite.cpp">
      <Filter>Source Files</Filter>
    </ClCompile>
    <ClCompile Include="database\state.cpp">
      <Filter>Source Files</Filter>
    </ClCompile>
    <ClCompile Include="database\strong.cpp">
      <Filter>Source Files</Filter>
    </ClCompile>
    <ClCompile Include="database\styles.cpp">
      <Filter>Source Files</Filter>
    </ClCompile>
    <ClCompile Include="database\userresources.cpp">
      <Filter>Source Files</Filter>
    </ClCompile>
    <ClCompile Include="database\users.cpp">
      <Filter>Source Files</Filter>
    </ClCompile>
    <ClCompile Include="database\usfmresources.cpp">
      <Filter>Source Files</Filter>
    </ClCompile>
    <ClCompile Include="database\versifications.cpp">
      <Filter>Source Files</Filter>
    </ClCompile>
    <ClCompile Include="database\volatile.cpp">
      <Filter>Source Files</Filter>
    </ClCompile>
    <ClCompile Include="styles\css.cpp">
      <Filter>Source Files</Filter>
    </ClCompile>
    <ClCompile Include="styles\indexm.cpp">
      <Filter>Source Files</Filter>
    </ClCompile>
    <ClCompile Include="styles\indext.cpp">
      <Filter>Source Files</Filter>
    </ClCompile>
    <ClCompile Include="styles\logic.cpp">
      <Filter>Source Files</Filter>
    </ClCompile>
    <ClCompile Include="styles\sheetm.cpp">
      <Filter>Source Files</Filter>
    </ClCompile>
    <ClCompile Include="styles\sheets.cpp">
      <Filter>Source Files</Filter>
    </ClCompile>
    <ClCompile Include="styles\view.cpp">
      <Filter>Source Files</Filter>
    </ClCompile>
    <ClCompile Include="dialog\books.cpp">
      <Filter>Source Files</Filter>
    </ClCompile>
    <ClCompile Include="dialog\color.cpp">
      <Filter>Source Files</Filter>
    </ClCompile>
    <ClCompile Include="dialog\entry.cpp">
      <Filter>Source Files</Filter>
    </ClCompile>
    <ClCompile Include="dialog\list.cpp">
      <Filter>Source Files</Filter>
    </ClCompile>
    <ClCompile Include="dialog\upload.cpp">
      <Filter>Source Files</Filter>
    </ClCompile>
    <ClCompile Include="dialog\yes.cpp">
      <Filter>Source Files</Filter>
    </ClCompile>
    <ClCompile Include="menu\index.cpp">
      <Filter>Source Files</Filter>
    </ClCompile>
    <ClCompile Include="menu\logic.cpp">
      <Filter>Source Files</Filter>
    </ClCompile>
    <ClCompile Include="fonts\logic.cpp">
      <Filter>Source Files</Filter>
    </ClCompile>
    <ClCompile Include="config\globals.cpp">
      <Filter>Source Files</Filter>
    </ClCompile>
    <ClCompile Include="config\logic.cpp">
      <Filter>Source Files</Filter>
    </ClCompile>
    <ClCompile Include="mbedtls\aes.c">
      <Filter>Source Files</Filter>
    </ClCompile>
    <ClCompile Include="mbedtls\aesni.c">
      <Filter>Source Files</Filter>
    </ClCompile>
    <ClCompile Include="mbedtls\arc4.c">
      <Filter>Source Files</Filter>
    </ClCompile>
    <ClCompile Include="mbedtls\asn1parse.c">
      <Filter>Source Files</Filter>
    </ClCompile>
    <ClCompile Include="mbedtls\asn1write.c">
      <Filter>Source Files</Filter>
    </ClCompile>
    <ClCompile Include="mbedtls\base64.c">
      <Filter>Source Files</Filter>
    </ClCompile>
    <ClCompile Include="mbedtls\bignum.c">
      <Filter>Source Files</Filter>
    </ClCompile>
    <ClCompile Include="mbedtls\blowfish.c">
      <Filter>Source Files</Filter>
    </ClCompile>
    <ClCompile Include="mbedtls\camellia.c">
      <Filter>Source Files</Filter>
    </ClCompile>
    <ClCompile Include="mbedtls\ccm.c">
      <Filter>Source Files</Filter>
    </ClCompile>
    <ClCompile Include="mbedtls\certs.c">
      <Filter>Source Files</Filter>
    </ClCompile>
    <ClCompile Include="mbedtls\cipher.c">
      <Filter>Source Files</Filter>
    </ClCompile>
    <ClCompile Include="mbedtls\cipher_wrap.c">
      <Filter>Source Files</Filter>
    </ClCompile>
    <ClCompile Include="mbedtls\ctr_drbg.c">
      <Filter>Source Files</Filter>
    </ClCompile>
    <ClCompile Include="mbedtls\debug.c">
      <Filter>Source Files</Filter>
    </ClCompile>
    <ClCompile Include="mbedtls\des.c">
      <Filter>Source Files</Filter>
    </ClCompile>
    <ClCompile Include="mbedtls\dhm.c">
      <Filter>Source Files</Filter>
    </ClCompile>
    <ClCompile Include="mbedtls\ecdh.c">
      <Filter>Source Files</Filter>
    </ClCompile>
    <ClCompile Include="mbedtls\ecdsa.c">
      <Filter>Source Files</Filter>
    </ClCompile>
    <ClCompile Include="mbedtls\ecjpake.c">
      <Filter>Source Files</Filter>
    </ClCompile>
    <ClCompile Include="mbedtls\ecp.c">
      <Filter>Source Files</Filter>
    </ClCompile>
    <ClCompile Include="mbedtls\ecp_curves.c">
      <Filter>Source Files</Filter>
    </ClCompile>
    <ClCompile Include="mbedtls\entropy.c">
      <Filter>Source Files</Filter>
    </ClCompile>
    <ClCompile Include="mbedtls\entropy_poll.c">
      <Filter>Source Files</Filter>
    </ClCompile>
    <ClCompile Include="mbedtls\error.c">
      <Filter>Source Files</Filter>
    </ClCompile>
    <ClCompile Include="mbedtls\gcm.c">
      <Filter>Source Files</Filter>
    </ClCompile>
    <ClCompile Include="mbedtls\havege.c">
      <Filter>Source Files</Filter>
    </ClCompile>
    <ClCompile Include="mbedtls\hmac_drbg.c">
      <Filter>Source Files</Filter>
    </ClCompile>
    <ClCompile Include="mbedtls\md.c">
      <Filter>Source Files</Filter>
    </ClCompile>
    <ClCompile Include="mbedtls\md_wrap.c">
      <Filter>Source Files</Filter>
    </ClCompile>
    <ClCompile Include="mbedtls\md2.c">
      <Filter>Source Files</Filter>
    </ClCompile>
    <ClCompile Include="mbedtls\md4.c">
      <Filter>Source Files</Filter>
    </ClCompile>
    <ClCompile Include="mbedtls\md5.c">
      <Filter>Source Files</Filter>
    </ClCompile>
    <ClCompile Include="mbedtls\memory_buffer_alloc.c">
      <Filter>Source Files</Filter>
    </ClCompile>
    <ClCompile Include="mbedtls\net.c">
      <Filter>Source Files</Filter>
    </ClCompile>
    <ClCompile Include="mbedtls\oid.c">
      <Filter>Source Files</Filter>
    </ClCompile>
    <ClCompile Include="mbedtls\padlock.c">
      <Filter>Source Files</Filter>
    </ClCompile>
    <ClCompile Include="mbedtls\pem.c">
      <Filter>Source Files</Filter>
    </ClCompile>
    <ClCompile Include="mbedtls\pk.c">
      <Filter>Source Files</Filter>
    </ClCompile>
    <ClCompile Include="mbedtls\pk_wrap.c">
      <Filter>Source Files</Filter>
    </ClCompile>
    <ClCompile Include="mbedtls\pkcs5.c">
      <Filter>Source Files</Filter>
    </ClCompile>
    <ClCompile Include="mbedtls\pkcs11.c">
      <Filter>Source Files</Filter>
    </ClCompile>
    <ClCompile Include="mbedtls\pkcs12.c">
      <Filter>Source Files</Filter>
    </ClCompile>
    <ClCompile Include="mbedtls\pkparse.c">
      <Filter>Source Files</Filter>
    </ClCompile>
    <ClCompile Include="mbedtls\pkwrite.c">
      <Filter>Source Files</Filter>
    </ClCompile>
    <ClCompile Include="mbedtls\platform.c">
      <Filter>Source Files</Filter>
    </ClCompile>
    <ClCompile Include="mbedtls\ripemd160.c">
      <Filter>Source Files</Filter>
    </ClCompile>
    <ClCompile Include="mbedtls\rsa.c">
      <Filter>Source Files</Filter>
    </ClCompile>
    <ClCompile Include="mbedtls\sha1.c">
      <Filter>Source Files</Filter>
    </ClCompile>
    <ClCompile Include="mbedtls\sha256.c">
      <Filter>Source Files</Filter>
    </ClCompile>
    <ClCompile Include="mbedtls\sha512.c">
      <Filter>Source Files</Filter>
    </ClCompile>
    <ClCompile Include="mbedtls\ssl_cache.c">
      <Filter>Source Files</Filter>
    </ClCompile>
    <ClCompile Include="mbedtls\ssl_ciphersuites.c">
      <Filter>Source Files</Filter>
    </ClCompile>
    <ClCompile Include="mbedtls\ssl_cli.c">
      <Filter>Source Files</Filter>
    </ClCompile>
    <ClCompile Include="mbedtls\ssl_cookie.c">
      <Filter>Source Files</Filter>
    </ClCompile>
    <ClCompile Include="mbedtls\ssl_srv.c">
      <Filter>Source Files</Filter>
    </ClCompile>
    <ClCompile Include="mbedtls\ssl_ticket.c">
      <Filter>Source Files</Filter>
    </ClCompile>
    <ClCompile Include="mbedtls\ssl_tls.c">
      <Filter>Source Files</Filter>
    </ClCompile>
    <ClCompile Include="mbedtls\threading.c">
      <Filter>Source Files</Filter>
    </ClCompile>
    <ClCompile Include="mbedtls\timing.c">
      <Filter>Source Files</Filter>
    </ClCompile>
    <ClCompile Include="mbedtls\version.c">
      <Filter>Source Files</Filter>
    </ClCompile>
    <ClCompile Include="mbedtls\version_features.c">
      <Filter>Source Files</Filter>
    </ClCompile>
    <ClCompile Include="mbedtls\x509.c">
      <Filter>Source Files</Filter>
    </ClCompile>
    <ClCompile Include="mbedtls\x509_create.c">
      <Filter>Source Files</Filter>
    </ClCompile>
    <ClCompile Include="mbedtls\x509_crl.c">
      <Filter>Source Files</Filter>
    </ClCompile>
    <ClCompile Include="mbedtls\x509_crt.c">
      <Filter>Source Files</Filter>
    </ClCompile>
    <ClCompile Include="mbedtls\x509_csr.c">
      <Filter>Source Files</Filter>
    </ClCompile>
    <ClCompile Include="mbedtls\x509write_crt.c">
      <Filter>Source Files</Filter>
    </ClCompile>
    <ClCompile Include="mbedtls\x509write_csr.c">
      <Filter>Source Files</Filter>
    </ClCompile>
    <ClCompile Include="mbedtls\xtea.c">
      <Filter>Source Files</Filter>
    </ClCompile>
    <ClCompile Include="session\logic.cpp">
      <Filter>Source Files</Filter>
    </ClCompile>
    <ClCompile Include="session\login.cpp">
      <Filter>Source Files</Filter>
    </ClCompile>
    <ClCompile Include="session\logout.cpp">
      <Filter>Source Files</Filter>
    </ClCompile>
    <ClCompile Include="session\password.cpp">
      <Filter>Source Files</Filter>
    </ClCompile>
    <ClCompile Include="session\signup.cpp">
      <Filter>Source Files</Filter>
    </ClCompile>
    <ClCompile Include="session\switch.cpp">
      <Filter>Source Files</Filter>
    </ClCompile>
    <ClCompile Include="esword\text.cpp">
      <Filter>Source Files</Filter>
    </ClCompile>
    <ClCompile Include="confirm\worker.cpp">
      <Filter>Source Files</Filter>
    </ClCompile>
    <ClCompile Include="text\text.cpp">
      <Filter>Source Files</Filter>
    </ClCompile>
    <ClCompile Include="html\header.cpp">
      <Filter>Source Files</Filter>
    </ClCompile>
    <ClCompile Include="html\text.cpp">
      <Filter>Source Files</Filter>
    </ClCompile>
    <ClCompile Include="pugixml\pugixml.cpp">
      <Filter>Source Files</Filter>
    </ClCompile>
    <ClCompile Include="pugixml\utils.cpp">
      <Filter>Source Files</Filter>
    </ClCompile>
    <ClCompile Include="onlinebible\text.cpp">
      <Filter>Source Files</Filter>
    </ClCompile>
    <ClCompile Include="odf\text.cpp">
      <Filter>Source Files</Filter>
    </ClCompile>
    <ClCompile Include="filter\archive.cpp">
      <Filter>Source Files</Filter>
    </ClCompile>
    <ClCompile Include="utf8proc\utf8proc.c">
      <Filter>Source Files</Filter>
    </ClCompile>
    <ClCompile Include="library\bibledit.cpp">
      <Filter>Source Files</Filter>
    </ClCompile>
    <ClCompile Include="library\locks.c">
      <Filter>Source Files</Filter>
    </ClCompile>
    <ClCompile Include="sendreceive\bibles.cpp">
      <Filter>Source Files</Filter>
    </ClCompile>
    <ClCompile Include="sendreceive\changes.cpp">
      <Filter>Source Files</Filter>
    </ClCompile>
    <ClCompile Include="sendreceive\files.cpp">
      <Filter>Source Files</Filter>
    </ClCompile>
    <ClCompile Include="sendreceive\index.cpp">
      <Filter>Source Files</Filter>
    </ClCompile>
    <ClCompile Include="sendreceive\logic.cpp">
      <Filter>Source Files</Filter>
    </ClCompile>
    <ClCompile Include="sendreceive\notes.cpp">
      <Filter>Source Files</Filter>
    </ClCompile>
    <ClCompile Include="sendreceive\resources.cpp">
      <Filter>Source Files</Filter>
    </ClCompile>
    <ClCompile Include="sendreceive\sendreceive.cpp">
      <Filter>Source Files</Filter>
    </ClCompile>
    <ClCompile Include="sendreceive\settings.cpp">
      <Filter>Source Files</Filter>
    </ClCompile>
    <ClCompile Include="filter\git.cpp">
      <Filter>Source Files</Filter>
    </ClCompile>
    <ClCompile Include="sync\bibles.cpp">
      <Filter>Source Files</Filter>
    </ClCompile>
    <ClCompile Include="sync\changes.cpp">
      <Filter>Source Files</Filter>
    </ClCompile>
    <ClCompile Include="sync\files.cpp">
      <Filter>Source Files</Filter>
    </ClCompile>
    <ClCompile Include="sync\logic.cpp">
      <Filter>Source Files</Filter>
    </ClCompile>
    <ClCompile Include="sync\mail.cpp">
      <Filter>Source Files</Filter>
    </ClCompile>
    <ClCompile Include="sync\notes.cpp">
      <Filter>Source Files</Filter>
    </ClCompile>
    <ClCompile Include="sync\resources.cpp">
      <Filter>Source Files</Filter>
    </ClCompile>
    <ClCompile Include="sync\settings.cpp">
      <Filter>Source Files</Filter>
    </ClCompile>
    <ClCompile Include="sync\setup.cpp">
      <Filter>Source Files</Filter>
    </ClCompile>
    <ClCompile Include="sync\usfmresources.cpp">
      <Filter>Source Files</Filter>
    </ClCompile>
    <ClCompile Include="resource\bible2resource.cpp">
      <Filter>Source Files</Filter>
    </ClCompile>
    <ClCompile Include="resource\cache.cpp">
      <Filter>Source Files</Filter>
    </ClCompile>
    <ClCompile Include="resource\convert2bible.cpp">
      <Filter>Source Files</Filter>
    </ClCompile>
    <ClCompile Include="resource\convert2resource.cpp">
      <Filter>Source Files</Filter>
    </ClCompile>
    <ClCompile Include="resource\download.cpp">
      <Filter>Source Files</Filter>
    </ClCompile>
    <ClCompile Include="resource\external.cpp">
      <Filter>Source Files</Filter>
    </ClCompile>
    <ClCompile Include="resource\get.cpp">
      <Filter>Source Files</Filter>
    </ClCompile>
    <ClCompile Include="resource\image.cpp">
      <Filter>Source Files</Filter>
    </ClCompile>
    <ClCompile Include="resource\imagefetch.cpp">
      <Filter>Source Files</Filter>
    </ClCompile>
    <ClCompile Include="resource\images.cpp">
      <Filter>Source Files</Filter>
    </ClCompile>
    <ClCompile Include="resource\img.cpp">
      <Filter>Source Files</Filter>
    </ClCompile>
    <ClCompile Include="resource\index.cpp">
      <Filter>Source Files</Filter>
    </ClCompile>
    <ClCompile Include="resource\logic.cpp">
      <Filter>Source Files</Filter>
    </ClCompile>
    <ClCompile Include="resource\manage.cpp">
      <Filter>Source Files</Filter>
    </ClCompile>
    <ClCompile Include="resource\organize.cpp">
      <Filter>Source Files</Filter>
    </ClCompile>
    <ClCompile Include="resource\print.cpp">
      <Filter>Source Files</Filter>
    </ClCompile>
    <ClCompile Include="resource\select.cpp">
      <Filter>Source Files</Filter>
    </ClCompile>
    <ClCompile Include="resource\sword.cpp">
      <Filter>Source Files</Filter>
    </ClCompile>
    <ClCompile Include="resource\user1edit.cpp">
      <Filter>Source Files</Filter>
    </ClCompile>
    <ClCompile Include="resource\user1view.cpp">
      <Filter>Source Files</Filter>
    </ClCompile>
    <ClCompile Include="resource\user9edit.cpp">
      <Filter>Source Files</Filter>
    </ClCompile>
    <ClCompile Include="resource\user9view.cpp">
      <Filter>Source Files</Filter>
    </ClCompile>
    <ClCompile Include="notes\actions.cpp">
      <Filter>Source Files</Filter>
    </ClCompile>
    <ClCompile Include="notes\assign-1.cpp">
      <Filter>Source Files</Filter>
    </ClCompile>
    <ClCompile Include="notes\assign-n.cpp">
      <Filter>Source Files</Filter>
    </ClCompile>
    <ClCompile Include="notes\bible-1.cpp">
      <Filter>Source Files</Filter>
    </ClCompile>
    <ClCompile Include="notes\bible-n.cpp">
      <Filter>Source Files</Filter>
    </ClCompile>
    <ClCompile Include="notes\bulk.cpp">
      <Filter>Source Files</Filter>
    </ClCompile>
    <ClCompile Include="notes\click.cpp">
      <Filter>Source Files</Filter>
    </ClCompile>
    <ClCompile Include="notes\comment.cpp">
      <Filter>Source Files</Filter>
    </ClCompile>
    <ClCompile Include="notes\create.cpp">
      <Filter>Source Files</Filter>
    </ClCompile>
    <ClCompile Include="notes\edit.cpp">
      <Filter>Source Files</Filter>
    </ClCompile>
    <ClCompile Include="notes\index.cpp">
      <Filter>Source Files</Filter>
    </ClCompile>
    <ClCompile Include="notes\logic.cpp">
      <Filter>Source Files</Filter>
    </ClCompile>
    <ClCompile Include="notes\note.cpp">
      <Filter>Source Files</Filter>
    </ClCompile>
    <ClCompile Include="notes\notes.cpp">
      <Filter>Source Files</Filter>
    </ClCompile>
    <ClCompile Include="notes\poll.cpp">
      <Filter>Source Files</Filter>
    </ClCompile>
    <ClCompile Include="notes\select.cpp">
      <Filter>Source Files</Filter>
    </ClCompile>
    <ClCompile Include="notes\severity-1.cpp">
      <Filter>Source Files</Filter>
    </ClCompile>
    <ClCompile Include="notes\severity-n.cpp">
      <Filter>Source Files</Filter>
    </ClCompile>
    <ClCompile Include="notes\status-1.cpp">
      <Filter>Source Files</Filter>
    </ClCompile>
    <ClCompile Include="notes\status-n.cpp">
      <Filter>Source Files</Filter>
    </ClCompile>
    <ClCompile Include="notes\summary.cpp">
      <Filter>Source Files</Filter>
    </ClCompile>
    <ClCompile Include="notes\unassign-n.cpp">
      <Filter>Source Files</Filter>
    </ClCompile>
    <ClCompile Include="notes\verses.cpp">
      <Filter>Source Files</Filter>
    </ClCompile>
    <ClCompile Include="tasks\logic.cpp">
      <Filter>Source Files</Filter>
    </ClCompile>
    <ClCompile Include="tasks\run.cpp">
      <Filter>Source Files</Filter>
    </ClCompile>
    <ClCompile Include="user\account.cpp">
      <Filter>Source Files</Filter>
    </ClCompile>
    <ClCompile Include="user\logic.cpp">
      <Filter>Source Files</Filter>
    </ClCompile>
    <ClCompile Include="user\notifications.cpp">
      <Filter>Source Files</Filter>
    </ClCompile>
    <ClCompile Include="client\index.cpp">
      <Filter>Source Files</Filter>
    </ClCompile>
    <ClCompile Include="client\logic.cpp">
      <Filter>Source Files</Filter>
    </ClCompile>
    <ClCompile Include="sword\logic.cpp">
      <Filter>Source Files</Filter>
    </ClCompile>
    <ClCompile Include="paratext\index.cpp">
      <Filter>Source Files</Filter>
    </ClCompile>
    <ClCompile Include="paratext\logic.cpp">
      <Filter>Source Files</Filter>
    </ClCompile>
    <ClCompile Include="manage\exports.cpp">
      <Filter>Source Files</Filter>
    </ClCompile>
    <ClCompile Include="manage\hyphenate.cpp">
      <Filter>Source Files</Filter>
    </ClCompile>
    <ClCompile Include="manage\hyphenation.cpp">
      <Filter>Source Files</Filter>
    </ClCompile>
    <ClCompile Include="manage\index.cpp">
      <Filter>Source Files</Filter>
    </ClCompile>
    <ClCompile Include="manage\privileges.cpp">
      <Filter>Source Files</Filter>
    </ClCompile>
    <ClCompile Include="manage\users.cpp">
      <Filter>Source Files</Filter>
    </ClCompile>
    <ClCompile Include="manage\write.cpp">
      <Filter>Source Files</Filter>
    </ClCompile>
    <ClCompile Include="export\bibledropbox.cpp">
      <Filter>Source Files</Filter>
    </ClCompile>
    <ClCompile Include="export\esword.cpp">
      <Filter>Source Files</Filter>
    </ClCompile>
    <ClCompile Include="export\html.cpp">
      <Filter>Source Files</Filter>
    </ClCompile>
    <ClCompile Include="export\index.cpp">
      <Filter>Source Files</Filter>
    </ClCompile>
    <ClCompile Include="export\info.cpp">
      <Filter>Source Files</Filter>
    </ClCompile>
    <ClCompile Include="export\logic.cpp">
      <Filter>Source Files</Filter>
    </ClCompile>
    <ClCompile Include="export\odt.cpp">
      <Filter>Source Files</Filter>
    </ClCompile>
    <ClCompile Include="export\onlinebible.cpp">
      <Filter>Source Files</Filter>
    </ClCompile>
    <ClCompile Include="export\quickbible.cpp">
      <Filter>Source Files</Filter>
    </ClCompile>
    <ClCompile Include="export\textusfm.cpp">
      <Filter>Source Files</Filter>
    </ClCompile>
    <ClCompile Include="export\usfm.cpp">
      <Filter>Source Files</Filter>
    </ClCompile>
    <ClCompile Include="export\web.cpp">
      <Filter>Source Files</Filter>
    </ClCompile>
    <ClCompile Include="sprint\burndown.cpp">
      <Filter>Source Files</Filter>
    </ClCompile>
    <ClCompile Include="sprint\index.cpp">
      <Filter>Source Files</Filter>
    </ClCompile>
    <ClCompile Include="statistics\statistics.cpp">
      <Filter>Source Files</Filter>
    </ClCompile>
    <ClCompile Include="demo\logic.cpp">
      <Filter>Source Files</Filter>
    </ClCompile>
    <ClCompile Include="collaboration\direction.cpp">
      <Filter>Source Files</Filter>
    </ClCompile>
    <ClCompile Include="collaboration\index.cpp">
      <Filter>Source Files</Filter>
    </ClCompile>
    <ClCompile Include="collaboration\link.cpp">
      <Filter>Source Files</Filter>
    </ClCompile>
    <ClCompile Include="collaboration\url.cpp">
      <Filter>Source Files</Filter>
    </ClCompile>
    <ClCompile Include="tmp\tmp.cpp">
      <Filter>Source Files</Filter>
    </ClCompile>
    <ClCompile Include="compare\compare.cpp">
      <Filter>Source Files</Filter>
    </ClCompile>
    <ClCompile Include="compare\index.cpp">
      <Filter>Source Files</Filter>
    </ClCompile>
    <ClCompile Include="search\all.cpp">
      <Filter>Source Files</Filter>
    </ClCompile>
    <ClCompile Include="search\getids.cpp">
      <Filter>Source Files</Filter>
    </ClCompile>
    <ClCompile Include="search\getids2.cpp">
      <Filter>Source Files</Filter>
    </ClCompile>
    <ClCompile Include="search\index.cpp">
      <Filter>Source Files</Filter>
    </ClCompile>
    <ClCompile Include="search\logic.cpp">
      <Filter>Source Files</Filter>
    </ClCompile>
    <ClCompile Include="search\originals.cpp">
      <Filter>Source Files</Filter>
    </ClCompile>
    <ClCompile Include="search\rebibles.cpp">
      <Filter>Source Files</Filter>
    </ClCompile>
    <ClCompile Include="search\renotes.cpp">
      <Filter>Source Files</Filter>
    </ClCompile>
    <ClCompile Include="search\replace.cpp">
      <Filter>Source Files</Filter>
    </ClCompile>
    <ClCompile Include="search\replace2.cpp">
      <Filter>Source Files</Filter>
    </ClCompile>
    <ClCompile Include="search\replacego.cpp">
      <Filter>Source Files</Filter>
    </ClCompile>
    <ClCompile Include="search\replacego2.cpp">
      <Filter>Source Files</Filter>
    </ClCompile>
    <ClCompile Include="search\replacepre.cpp">
      <Filter>Source Files</Filter>
    </ClCompile>
    <ClCompile Include="search\replacepre2.cpp">
      <Filter>Source Files</Filter>
    </ClCompile>
    <ClCompile Include="search\search2.cpp">
      <Filter>Source Files</Filter>
    </ClCompile>
    <ClCompile Include="search\similar.cpp">
      <Filter>Source Files</Filter>
    </ClCompile>
    <ClCompile Include="search\strong.cpp">
      <Filter>Source Files</Filter>
    </ClCompile>
    <ClCompile Include="search\strongs.cpp">
      <Filter>Source Files</Filter>
    </ClCompile>
    <ClCompile Include="email\index.cpp">
      <Filter>Source Files</Filter>
    </ClCompile>
    <ClCompile Include="email\receive.cpp">
      <Filter>Source Files</Filter>
    </ClCompile>
    <ClCompile Include="email\send.cpp">
      <Filter>Source Files</Filter>
    </ClCompile>
    <ClCompile Include="locale\logic.cpp">
      <Filter>Source Files</Filter>
    </ClCompile>
    <ClCompile Include="locale\translate.cpp">
      <Filter>Source Files</Filter>
    </ClCompile>
    <ClCompile Include="filter\date.cpp">
      <Filter>Source Files</Filter>
    </ClCompile>
    <ClCompile Include="related\logic.cpp">
      <Filter>Source Files</Filter>
    </ClCompile>
    <ClCompile Include="lexicon\definition.cpp">
      <Filter>Source Files</Filter>
    </ClCompile>
    <ClCompile Include="lexicon\logic.cpp">
      <Filter>Source Files</Filter>
    </ClCompile>
    <ClCompile Include="jsonxx\jsonxx.cpp">
      <Filter>Source Files</Filter>
    </ClCompile>
    <ClCompile Include="json\json.c">
      <Filter>Source Files</Filter>
    </ClCompile>
    <ClCompile Include="ipc\focus.cpp">
      <Filter>Source Files</Filter>
    </ClCompile>
    <ClCompile Include="ipc\notes.cpp">
      <Filter>Source Files</Filter>
    </ClCompile>
    <ClCompile Include="setup\index.cpp">
      <Filter>Source Files</Filter>
    </ClCompile>
    <ClCompile Include="setup\logic.cpp">
      <Filter>Source Files</Filter>
    </ClCompile>
    <ClCompile Include="timer\index.cpp">
      <Filter>Source Files</Filter>
    </ClCompile>
    <ClCompile Include="filter\css.cpp">
      <Filter>Source Files</Filter>
    </ClCompile>
    <ClCompile Include="webserver\http.cpp">
      <Filter>Source Files</Filter>
    </ClCompile>
    <ClCompile Include="webserver\io.c">
      <Filter>Source Files</Filter>
    </ClCompile>
    <ClCompile Include="webserver\request.cpp">
      <Filter>Source Files</Filter>
    </ClCompile>
    <ClCompile Include="webserver\webserver.cpp">
      <Filter>Source Files</Filter>
    </ClCompile>
    <ClCompile Include="parsewebdata\ParseMultipartFormData.cpp">
      <Filter>Source Files</Filter>
    </ClCompile>
    <ClCompile Include="parsewebdata\ParseWebData.cpp">
      <Filter>Source Files</Filter>
    </ClCompile>
    <ClCompile Include="versification\index.cpp">
      <Filter>Source Files</Filter>
    </ClCompile>
    <ClCompile Include="versification\logic.cpp">
      <Filter>Source Files</Filter>
    </ClCompile>
    <ClCompile Include="versification\system.cpp">
      <Filter>Source Files</Filter>
    </ClCompile>
    <ClCompile Include="trash\handler.cpp">
      <Filter>Source Files</Filter>
    </ClCompile>
    <ClCompile Include="journal\index.cpp">
      <Filter>Source Files</Filter>
    </ClCompile>
    <ClCompile Include="journal\logic.cpp">
      <Filter>Source Files</Filter>
    </ClCompile>
    <ClCompile Include="filter\diff.cpp">
      <Filter>Source Files</Filter>
    </ClCompile>
    <ClCompile Include="navigation\passage.cpp">
      <Filter>Source Files</Filter>
    </ClCompile>
    <ClCompile Include="navigation\poll.cpp">
      <Filter>Source Files</Filter>
    </ClCompile>
    <ClCompile Include="navigation\update.cpp">
      <Filter>Source Files</Filter>
    </ClCompile>
    <ClCompile Include="editor\html2usfm.cpp">
      <Filter>Source Files</Filter>
    </ClCompile>
    <ClCompile Include="editor\select.cpp">
      <Filter>Source Files</Filter>
    </ClCompile>
    <ClCompile Include="editor\styles.cpp">
      <Filter>Source Files</Filter>
    </ClCompile>
    <ClCompile Include="editor\usfm2html.cpp">
      <Filter>Source Files</Filter>
    </ClCompile>
    <ClCompile Include="public\chapter.cpp">
      <Filter>Source Files</Filter>
    </ClCompile>
    <ClCompile Include="public\comment.cpp">
      <Filter>Source Files</Filter>
    </ClCompile>
    <ClCompile Include="public\create.cpp">
      <Filter>Source Files</Filter>
    </ClCompile>
    <ClCompile Include="public\index.cpp">
      <Filter>Source Files</Filter>
    </ClCompile>
    <ClCompile Include="public\logic.cpp">
      <Filter>Source Files</Filter>
    </ClCompile>
    <ClCompile Include="public\login.cpp">
      <Filter>Source Files</Filter>
    </ClCompile>
    <ClCompile Include="public\new.cpp">
      <Filter>Source Files</Filter>
    </ClCompile>
    <ClCompile Include="public\note.cpp">
      <Filter>Source Files</Filter>
    </ClCompile>
    <ClCompile Include="public\notes.cpp">
      <Filter>Source Files</Filter>
    </ClCompile>
    <ClCompile Include="personalize\index.cpp">
      <Filter>Source Files</Filter>
    </ClCompile>
    <ClCompile Include="developer\index.cpp">
      <Filter>Source Files</Filter>
    </ClCompile>
    <ClCompile Include="developer\logic.cpp">
      <Filter>Source Files</Filter>
    </ClCompile>
    <ClCompile Include="editone\index.cpp">
      <Filter>Source Files</Filter>
    </ClCompile>
    <ClCompile Include="editone\load.cpp">
      <Filter>Source Files</Filter>
    </ClCompile>
    <ClCompile Include="editone\logic.cpp">
      <Filter>Source Files</Filter>
    </ClCompile>
    <ClCompile Include="editone\preview.cpp">
      <Filter>Source Files</Filter>
    </ClCompile>
    <ClCompile Include="editone\save.cpp">
      <Filter>Source Files</Filter>
    </ClCompile>
    <ClCompile Include="editone\verse.cpp">
      <Filter>Source Files</Filter>
    </ClCompile>
    <ClCompile Include="webbible\search.cpp">
      <Filter>Source Files</Filter>
    </ClCompile>
    <ClCompile Include="xrefs\clear.cpp">
      <Filter>Source Files</Filter>
    </ClCompile>
    <ClCompile Include="xrefs\extract.cpp">
      <Filter>Source Files</Filter>
    </ClCompile>
    <ClCompile Include="xrefs\help.cpp">
      <Filter>Source Files</Filter>
    </ClCompile>
    <ClCompile Include="xrefs\index.cpp">
      <Filter>Source Files</Filter>
    </ClCompile>
    <ClCompile Include="xrefs\insert.cpp">
      <Filter>Source Files</Filter>
    </ClCompile>
    <ClCompile Include="xrefs\interpret.cpp">
      <Filter>Source Files</Filter>
    </ClCompile>
    <ClCompile Include="xrefs\move.cpp">
      <Filter>Source Files</Filter>
    </ClCompile>
    <ClCompile Include="xrefs\next.cpp">
      <Filter>Source Files</Filter>
    </ClCompile>
    <ClCompile Include="xrefs\source.cpp">
      <Filter>Source Files</Filter>
    </ClCompile>
    <ClCompile Include="xrefs\target.cpp">
      <Filter>Source Files</Filter>
    </ClCompile>
    <ClCompile Include="xrefs\translate.cpp">
      <Filter>Source Files</Filter>
    </ClCompile>
    <ClCompile Include="filter\abbreviations.cpp">
      <Filter>Source Files</Filter>
    </ClCompile>
    <ClCompile Include="consistency\index.cpp">
      <Filter>Source Files</Filter>
    </ClCompile>
    <ClCompile Include="consistency\input.cpp">
      <Filter>Source Files</Filter>
    </ClCompile>
    <ClCompile Include="consistency\logic.cpp">
      <Filter>Source Files</Filter>
    </ClCompile>
    <ClCompile Include="consistency\poll.cpp">
      <Filter>Source Files</Filter>
    </ClCompile>
    <ClCompile Include="index\index.cpp">
      <Filter>Source Files</Filter>
    </ClCompile>
    <ClCompile Include="index\listing.cpp">
      <Filter>Source Files</Filter>
    </ClCompile>
    <ClCompile Include="mapping\index.cpp">
      <Filter>Source Files</Filter>
    </ClCompile>
    <ClCompile Include="mapping\map.cpp">
      <Filter>Source Files</Filter>
    </ClCompile>
    <ClCompile Include="edit\edit.cpp">
      <Filter>Source Files</Filter>
    </ClCompile>
    <ClCompile Include="edit\focus.cpp">
      <Filter>Source Files</Filter>
    </ClCompile>
    <ClCompile Include="edit\id.cpp">
      <Filter>Source Files</Filter>
    </ClCompile>
    <ClCompile Include="edit\index.cpp">
      <Filter>Source Files</Filter>
    </ClCompile>
    <ClCompile Include="edit\load.cpp">
      <Filter>Source Files</Filter>
    </ClCompile>
    <ClCompile Include="edit\logic.cpp">
      <Filter>Source Files</Filter>
    </ClCompile>
    <ClCompile Include="edit\offset.cpp">
      <Filter>Source Files</Filter>
    </ClCompile>
    <ClCompile Include="edit\styles.cpp">
      <Filter>Source Files</Filter>
    </ClCompile>
    <ClCompile Include="editusfm\focus.cpp">
      <Filter>Source Files</Filter>
    </ClCompile>
    <ClCompile Include="editusfm\index.cpp">
      <Filter>Source Files</Filter>
    </ClCompile>
    <ClCompile Include="editusfm\load.cpp">
      <Filter>Source Files</Filter>
    </ClCompile>
    <ClCompile Include="editusfm\offset.cpp">
      <Filter>Source Files</Filter>
    </ClCompile>
    <ClCompile Include="editverse\index.cpp">
      <Filter>Source Files</Filter>
    </ClCompile>
    <ClCompile Include="editverse\load.cpp">
      <Filter>Source Files</Filter>
    </ClCompile>
    <ClCompile Include="editverse\save.cpp">
      <Filter>Source Files</Filter>
    </ClCompile>
    <ClCompile Include="jobs\index.cpp">
      <Filter>Source Files</Filter>
    </ClCompile>
    <ClCompile Include="help\index.cpp">
      <Filter>Source Files</Filter>
    </ClCompile>
    <ClCompile Include="flate\flate.cpp">
      <Filter>Source Files</Filter>
    </ClCompile>
    <ClCompile Include="sqlite\sqlite3.c">
      <Filter>Source Files</Filter>
    </ClCompile>
    <ClCompile Include="workspace\index.cpp">
      <Filter>Source Files</Filter>
    </ClCompile>
    <ClCompile Include="workspace\logic.cpp">
      <Filter>Source Files</Filter>
    </ClCompile>
    <ClCompile Include="workspace\organize.cpp">
      <Filter>Source Files</Filter>
    </ClCompile>
    <ClCompile Include="workspace\settings.cpp">
      <Filter>Source Files</Filter>
    </ClCompile>
    <ClCompile Include="ldap\logic.cpp">
      <Filter>Source Files</Filter>
    </ClCompile>
    <ClCompile Include="database\statistics.cpp">
      <Filter>Source Files</Filter>
    </ClCompile>
    <ClCompile Include="changes\statistics.cpp">
      <Filter>Source Files</Filter>
    </ClCompile>
    <ClCompile Include="system\timezone.cpp">
      <Filter>Source Files</Filter>
    </ClCompile>
    <ClCompile Include="system\index.cpp">
      <Filter>Source Files</Filter>
    </ClCompile>
    <ClCompile Include="quill\logic.cpp">
      <Filter>Source Files</Filter>
    </ClCompile>
    <ClCompile Include="rss\feed.cpp">
      <Filter>Source Files</Filter>
    </ClCompile>
    <ClCompile Include="rss\logic.cpp">
      <Filter>Source Files</Filter>
    </ClCompile>
    <ClCompile Include="edit\preview.cpp">
      <Filter>Source Files</Filter>
    </ClCompile>
    <ClCompile Include="resource\biblegateway.cpp">
      <Filter>Source Files</Filter>
    </ClCompile>
    <ClCompile Include="resource\studylight.cpp">
      <Filter>Source Files</Filter>
    </ClCompile>
    <ClCompile Include="editold\focus.cpp">
      <Filter>Source Files</Filter>
    </ClCompile>
    <ClCompile Include="editold\index.cpp">
      <Filter>Source Files</Filter>
    </ClCompile>
    <ClCompile Include="editold\load.cpp">
      <Filter>Source Files</Filter>
    </ClCompile>
    <ClCompile Include="editold\offset.cpp">
      <Filter>Source Files</Filter>
    </ClCompile>
    <ClCompile Include="editoneold\load.cpp">
      <Filter>Source Files</Filter>
    </ClCompile>
    <ClCompile Include="editoneold\save.cpp">
      <Filter>Source Files</Filter>
    </ClCompile>
    <ClCompile Include="editoneold\verse.cpp">
      <Filter>Source Files</Filter>
    </ClCompile>
    <ClCompile Include="edit\position.cpp">
      <Filter>Source Files</Filter>
    </ClCompile>
    <ClCompile Include="edit\navigate.cpp">
      <Filter>Source Files</Filter>
    </ClCompile>
    <ClCompile Include="filter\webview.cpp">
      <Filter>Source Files</Filter>
    </ClCompile>
    <ClCompile Include="database\sample.cpp">
      <Filter>Source Files</Filter>
    </ClCompile>
    <ClCompile Include="editoneold\index.cpp">
      <Filter>Source Files</Filter>
    </ClCompile>
    <ClCompile Include="editold\save.cpp">
      <Filter>Source Files</Filter>
    </ClCompile>
    <ClCompile Include="edit\save.cpp">
      <Filter>Source Files</Filter>
    </ClCompile>
    <ClCompile Include="editusfm\save.cpp">
      <Filter>Source Files</Filter>
    </ClCompile>
    <ClCompile Include="assets\external.cpp">
      <Filter>Source Files</Filter>
    </ClCompile>
    <ClCompile Include="system\logic.cpp">
      <Filter>Source Files</Filter>
    </ClCompile>
    <ClCompile Include="microtar\microtar.c">
      <Filter>Source Files</Filter>
    </ClCompile>
    <ClCompile Include="resource\unload.cpp">
      <Filter>Source Files</Filter>
    </ClCompile>
  </ItemGroup>
  <ItemGroup>
    <ClInclude Include="assets\header.h">
      <Filter>Source Files</Filter>
    </ClInclude>
    <ClInclude Include="assets\page.h">
      <Filter>Source Files</Filter>
    </ClInclude>
    <ClInclude Include="assets\view.h">
      <Filter>Source Files</Filter>
    </ClInclude>
    <ClInclude Include="config.h">
      <Filter>Header Files</Filter>
    </ClInclude>
    <ClInclude Include="filter\string.h">
      <Filter>Header Files</Filter>
    </ClInclude>
  </ItemGroup>
</Project>