<?xml version="1.0" encoding="utf-8"?>
<Project ToolsVersion="4.0" xmlns="http://schemas.microsoft.com/developer/msbuild/2003">
  <ItemGroup>
    <Filter Include="Source Files">
      <UniqueIdentifier>{4FC737F1-C7A5-4376-A066-2A32D752A2FF}</UniqueIdentifier>
      <Extensions>cpp;c;cc;cxx;def;odl;idl;hpj;bat;asm;asmx</Extensions>
    </Filter>
    <Filter Include="Header Files">
      <UniqueIdentifier>{93995380-89BD-4b04-88EB-625FBE52EBFB}</UniqueIdentifier>
      <Extensions>h;hh;hpp;hxx;hm;inl;inc;xsd</Extensions>
    </Filter>
    <Filter Include="Resource Files">
      <UniqueIdentifier>{67DA6AB6-F800-4c08-8B7A-83BB121AAD01}</UniqueIdentifier>
      <Extensions>rc;ico;cur;bmp;dlg;rc2;rct;bin;rgs;gif;jpg;jpeg;jpe;resx;tiff;tif;png;wav;mfcribbon-ms</Extensions>
    </Filter>
  </ItemGroup>
  <ItemGroup>
    <ClCompile Include="executable\bibledit.cpp">
      <Filter>Source Files</Filter>
    </ClCompile>
    <ClCompile Include="access\bible.cpp">
      <Filter>Source Files</Filter>
    </ClCompile>
    <ClCompile Include="access\logic.cpp">
      <Filter>Source Files</Filter>
    </ClCompile>
    <ClCompile Include="access\user.cpp">
      <Filter>Source Files</Filter>
    </ClCompile>
    <ClCompile Include="administration\language.cpp">
      <Filter>Source Files</Filter>
    </ClCompile>
    <ClCompile Include="administration\timezone.cpp">
      <Filter>Source Files</Filter>
    </ClCompile>
    <ClCompile Include="assets\header.cpp">
      <Filter>Source Files</Filter>
    </ClCompile>
    <ClCompile Include="assets\page.cpp">
      <Filter>Source Files</Filter>
    </ClCompile>
    <ClCompile Include="assets\view.cpp">
      <Filter>Source Files</Filter>
    </ClCompile>
    <ClCompile Include="checks\versification.cpp">
      <Filter>Source Files</Filter>
    </ClCompile>
    <ClCompile Include="checks\verses.cpp">
      <Filter>Source Files</Filter>
    </ClCompile>
    <ClCompile Include="checks\usfm.cpp">
      <Filter>Source Files</Filter>
    </ClCompile>
    <ClCompile Include="checks\suppress.cpp">
      <Filter>Source Files</Filter>
    </ClCompile>
    <ClCompile Include="checks\space.cpp">
      <Filter>Source Files</Filter>
    </ClCompile>
    <ClCompile Include="checks\settingssentences.cpp">
      <Filter>Source Files</Filter>
    </ClCompile>
    <ClCompile Include="checks\settingspatterns.cpp">
      <Filter>Source Files</Filter>
    </ClCompile>
    <ClCompile Include="checks\settingspairs.cpp">
      <Filter>Source Files</Filter>
    </ClCompile>
    <ClCompile Include="checks\settings.cpp">
      <Filter>Source Files</Filter>
    </ClCompile>
    <ClCompile Include="bible\settings.cpp">
      <Filter>Source Files</Filter>
    </ClCompile>
    <ClCompile Include="checks\sentences.cpp">
      <Filter>Source Files</Filter>
    </ClCompile>
    <ClCompile Include="checks\run.cpp">
      <Filter>Source Files</Filter>
    </ClCompile>
    <ClCompile Include="checks\pairs.cpp">
      <Filter>Source Files</Filter>
    </ClCompile>
    <ClCompile Include="bible\order.cpp">
      <Filter>Source Files</Filter>
    </ClCompile>
    <ClCompile Include="changes\modifications.cpp">
      <Filter>Source Files</Filter>
    </ClCompile>
    <ClCompile Include="changes\manage.cpp">
      <Filter>Source Files</Filter>
    </ClCompile>
    <ClCompile Include="bible\manage.cpp">
      <Filter>Source Files</Filter>
    </ClCompile>
    <ClCompile Include="bible\logic.cpp">
      <Filter>Source Files</Filter>
    </ClCompile>
    <ClCompile Include="checksum\logic.cpp">
      <Filter>Source Files</Filter>
    </ClCompile>
    <ClCompile Include="checks\logic.cpp">
      <Filter>Source Files</Filter>
    </ClCompile>
    <ClCompile Include="changes\logic.cpp">
      <Filter>Source Files</Filter>
    </ClCompile>
    <ClCompile Include="checks\index.cpp">
      <Filter>Source Files</Filter>
    </ClCompile>
    <ClCompile Include="basic\index.cpp">
      <Filter>Source Files</Filter>
    </ClCompile>
    <ClCompile Include="bible\import_run.cpp">
      <Filter>Source Files</Filter>
    </ClCompile>
    <ClCompile Include="bible\import.cpp">
      <Filter>Source Files</Filter>
    </ClCompile>
    <ClCompile Include="checks\headers.cpp">
      <Filter>Source Files</Filter>
    </ClCompile>
    <ClCompile Include="bible\editing.cpp">
      <Filter>Source Files</Filter>
    </ClCompile>
    <ClCompile Include="bible\css.cpp">
      <Filter>Source Files</Filter>
    </ClCompile>
    <ClCompile Include="book\create.cpp">
      <Filter>Source Files</Filter>
    </ClCompile>
    <ClCompile Include="bible\chapter.cpp">
      <Filter>Source Files</Filter>
    </ClCompile>
    <ClCompile Include="changes\changes.cpp">
      <Filter>Source Files</Filter>
    </ClCompile>
    <ClCompile Include="changes\change.cpp">
      <Filter>Source Files</Filter>
    </ClCompile>
    <ClCompile Include="bootstrap\bootstrap.cpp">
      <Filter>Source Files</Filter>
    </ClCompile>
    <ClCompile Include="bible\book.cpp">
      <Filter>Source Files</Filter>
    </ClCompile>
    <ClCompile Include="bible\abbreviations.cpp">
      <Filter>Source Files</Filter>
    </ClCompile>
    <ClCompile Include="filter\usfm.cpp">
      <Filter>Source Files</Filter>
    </ClCompile>
    <ClCompile Include="filter\UriCodec.cpp">
      <Filter>Source Files</Filter>
    </ClCompile>
    <ClCompile Include="filter\url.cpp">
      <Filter>Source Files</Filter>
    </ClCompile>
    <ClCompile Include="filter\text.cpp">
      <Filter>Source Files</Filter>
    </ClCompile>
    <ClCompile Include="filter\string.cpp">
      <Filter>Source Files</Filter>
    </ClCompile>
    <ClCompile Include="filter\roles.cpp">
      <Filter>Source Files</Filter>
    </ClCompile>
    <ClCompile Include="filter\shell.cpp">
      <Filter>Source Files</Filter>
    </ClCompile>
    <ClCompile Include="filter\passage.cpp">
      <Filter>Source Files</Filter>
    </ClCompile>
    <ClCompile Include="filter\merge.cpp">
      <Filter>Source Files</Filter>
    </ClCompile>
    <ClCompile Include="filter\md5.cpp">
      <Filter>Source Files</Filter>
    </ClCompile>
    <ClCompile Include="database\config\bible.cpp">
      <Filter>Source Files</Filter>
    </ClCompile>
    <ClCompile Include="database\config\general.cpp">
      <Filter>Source Files</Filter>
    </ClCompile>
    <ClCompile Include="database\config\user.cpp">
      <Filter>Source Files</Filter>
    </ClCompile>
    <ClCompile Include="database\bibleactions.cpp">
      <Filter>Source Files</Filter>
    </ClCompile>
    <ClCompile Include="database\bibles.cpp">
      <Filter>Source Files</Filter>
    </ClCompile>
    <ClCompile Include="database\books.cpp">
      <Filter>Source Files</Filter>
    </ClCompile>
    <ClCompile Include="database\cache.cpp">
      <Filter>Source Files</Filter>
    </ClCompile>
    <ClCompile Include="database\check.cpp">
      <Filter>Source Files</Filter>
    </ClCompile>
    <ClCompile Include="database\confirm.cpp">
      <Filter>Source Files</Filter>
    </ClCompile>
    <ClCompile Include="database\etcbc4.cpp">
      <Filter>Source Files</Filter>
    </ClCompile>
    <ClCompile Include="database\git.cpp">
      <Filter>Source Files</Filter>
    </ClCompile>
    <ClCompile Include="database\hebrewlexicon.cpp">
      <Filter>Source Files</Filter>
    </ClCompile>
    <ClCompile Include="database\imageresources.cpp">
      <Filter>Source Files</Filter>
    </ClCompile>
    <ClCompile Include="database\ipc.cpp">
      <Filter>Source Files</Filter>
    </ClCompile>
    <ClCompile Include="database\jobs.cpp">
      <Filter>Source Files</Filter>
    </ClCompile>
    <ClCompile Include="database\kjv.cpp">
      <Filter>Source Files</Filter>
    </ClCompile>
    <ClCompile Include="database\localization.cpp">
      <Filter>Source Files</Filter>
    </ClCompile>
    <ClCompile Include="database\login.cpp">
      <Filter>Source Files</Filter>
    </ClCompile>
    <ClCompile Include="database\logs.cpp">
      <Filter>Source Files</Filter>
    </ClCompile>
    <ClCompile Include="database\mail.cpp">
      <Filter>Source Files</Filter>
    </ClCompile>
    <ClCompile Include="database\maintenance.cpp">
      <Filter>Source Files</Filter>
    </ClCompile>
    <ClCompile Include="database\mappings.cpp">
      <Filter>Source Files</Filter>
    </ClCompile>
    <ClCompile Include="database\modifications.cpp">
      <Filter>Source Files</Filter>
    </ClCompile>
    <ClCompile Include="database\morphgnt.cpp">
      <Filter>Source Files</Filter>
    </ClCompile>
    <ClCompile Include="database\navigation.cpp">
      <Filter>Source Files</Filter>
    </ClCompile>
    <ClCompile Include="database\noteactions.cpp">
      <Filter>Source Files</Filter>
    </ClCompile>
    <ClCompile Include="database\noteassignment.cpp">
      <Filter>Source Files</Filter>
    </ClCompile>
    <ClCompile Include="database\notes.cpp">
      <Filter>Source Files</Filter>
    </ClCompile>
    <ClCompile Include="database\oshb.cpp">
      <Filter>Source Files</Filter>
    </ClCompile>
    <ClCompile Include="database\privileges.cpp">
      <Filter>Source Files</Filter>
    </ClCompile>
    <ClCompile Include="database\sblgnt.cpp">
      <Filter>Source Files</Filter>
    </ClCompile>
    <ClCompile Include="database\sprint.cpp">
      <Filter>Source Files</Filter>
    </ClCompile>
    <ClCompile Include="database\sqlite.cpp">
      <Filter>Source Files</Filter>
    </ClCompile>
    <ClCompile Include="database\state.cpp">
      <Filter>Source Files</Filter>
    </ClCompile>
    <ClCompile Include="database\strong.cpp">
      <Filter>Source Files</Filter>
    </ClCompile>
    <ClCompile Include="database\styles.cpp">
      <Filter>Source Files</Filter>
    </ClCompile>
    <ClCompile Include="database\userresources.cpp">
      <Filter>Source Files</Filter>
    </ClCompile>
    <ClCompile Include="database\users.cpp">
      <Filter>Source Files</Filter>
    </ClCompile>
    <ClCompile Include="database\usfmresources.cpp">
      <Filter>Source Files</Filter>
    </ClCompile>
    <ClCompile Include="database\versifications.cpp">
      <Filter>Source Files</Filter>
    </ClCompile>
    <ClCompile Include="database\volatile.cpp">
      <Filter>Source Files</Filter>
    </ClCompile>
  </ItemGroup>
  <ItemGroup>
    <ClInclude Include="assets\header.h">
      <Filter>Source Files</Filter>
    </ClInclude>
    <ClInclude Include="assets\page.h">
      <Filter>Source Files</Filter>
    </ClInclude>
    <ClInclude Include="assets\view.h">
      <Filter>Source Files</Filter>
    </ClInclude>
  </ItemGroup>
</Project>